
Microsoft Visual Studio Solution File, Format Version 12.00
Project("{FAE04EC0-301F-11D3-BF4B-00C04F79EFBC}") = "AvaloniaTunes", "AvaloniaTunes\AvaloniaTunes.csproj", "{02728A6B-459A-4242-A963-481AE1C58761}"
EndProject
Global
	GlobalSection(SolutionConfigurationPlatforms) = preSolution
		Debug|Any CPU = Debug|Any CPU
		Release|Any CPU = Release|Any CPU
	EndGlobalSection
	GlobalSection(ProjectConfigurationPlatforms) = postSolution
		{02728A6B-459A-4242-A963-481AE1C58761}.Debug|Any CPU.ActiveCfg = Debug|Any CPU
		{02728A6B-459A-4242-A963-481AE1C58761}.Debug|Any CPU.Build.0 = Debug|Any CPU
		{02728A6B-459A-4242-A963-481AE1C58761}.Release|Any CPU.ActiveCfg = Release|Any CPU
		{02728A6B-459A-4242-A963-481AE1C58761}.Release|Any CPU.Build.0 = Release|Any CPU
	EndGlobalSection
EndGlobal
